
Microsoft Visual Studio Solution File, Format Version 12.00
# Visual Studio 15
Project("{FAE04EC0-301F-11D3-BF4B-00C04F79EFBC}") = "WebApi", "WebApi.csproj", "{CA2E06B1-6D12-485E-83C9-769D909E59BF}"
EndProject
Global
	GlobalSection(SolutionConfigurationPlatforms) = preSolution
		Debug|Any CPU = Debug|Any CPU
		Release|Any CPU = Release|Any CPU
	EndGlobalSection
	GlobalSection(ProjectConfigurationPlatforms) = postSolution
		{CA2E06B1-6D12-485E-83C9-769D909E59BF}.Debug|Any CPU.ActiveCfg = Debug|Any CPU
		{CA2E06B1-6D12-485E-83C9-769D909E59BF}.Debug|Any CPU.Build.0 = Debug|Any CPU
		{CA2E06B1-6D12-485E-83C9-769D909E59BF}.Release|Any CPU.ActiveCfg = Release|Any CPU
		{CA2E06B1-6D12-485E-83C9-769D909E59BF}.Release|Any CPU.Build.0 = Release|Any CPU
	EndGlobalSection
EndGlobal
